
Microsoft Visual Studio Solution File, Format Version 12.00
# Visual Studio Version 16
VisualStudioVersion = 16.0.30503.244
MinimumVisualStudioVersion = 10.0.40219.1
Project("{9A19103F-16F7-4668-BE54-9A1E7A4F7556}") = "LighterApi", "LighterApi\LighterApi.csproj", "{94E81A8A-FB3B-43CB-ACB6-60D55E6FD293}"
EndProject
Project("{9A19103F-16F7-4668-BE54-9A1E7A4F7556}") = "Lighter.Domain", "Lighter.Domain\Lighter.Domain.csproj", "{78C572DD-A145-4D5F-A4CC-F8A878769210}"
EndProject
Project("{9A19103F-16F7-4668-BE54-9A1E7A4F7556}") = "Lighter.Application.Contracts", "Lighter.Application.Contracts\Lighter.Application.Contracts.csproj", "{1309E211-572F-4175-BB44-0DE7E86E77A4}"
EndProject
Project("{9A19103F-16F7-4668-BE54-9A1E7A4F7556}") = "Lighter.Application", "Lighter.Application\Lighter.Application.csproj", "{1A8DBCFB-043E-4F94-A23E-4BC95887049A}"
EndProject
Global
	GlobalSection(SolutionConfigurationPlatforms) = preSolution
		Debug|Any CPU = Debug|Any CPU
		Release|Any CPU = Release|Any CPU
	EndGlobalSection
	GlobalSection(ProjectConfigurationPlatforms) = postSolution
		{94E81A8A-FB3B-43CB-ACB6-60D55E6FD293}.Debug|Any CPU.ActiveCfg = Debug|Any CPU
		{94E81A8A-FB3B-43CB-ACB6-60D55E6FD293}.Debug|Any CPU.Build.0 = Debug|Any CPU
		{94E81A8A-FB3B-43CB-ACB6-60D55E6FD293}.Release|Any CPU.ActiveCfg = Release|Any CPU
		{94E81A8A-FB3B-43CB-ACB6-60D55E6FD293}.Release|Any CPU.Build.0 = Release|Any CPU
		{78C572DD-A145-4D5F-A4CC-F8A878769210}.Debug|Any CPU.ActiveCfg = Debug|Any CPU
		{78C572DD-A145-4D5F-A4CC-F8A878769210}.Debug|Any CPU.Build.0 = Debug|Any CPU
		{78C572DD-A145-4D5F-A4CC-F8A878769210}.Release|Any CPU.ActiveCfg = Release|Any CPU
		{78C572DD-A145-4D5F-A4CC-F8A878769210}.Release|Any CPU.Build.0 = Release|Any CPU
		{1309E211-572F-4175-BB44-0DE7E86E77A4}.Debug|Any CPU.ActiveCfg = Debug|Any CPU
		{1309E211-572F-4175-BB44-0DE7E86E77A4}.Debug|Any CPU.Build.0 = Debug|Any CPU
		{1309E211-572F-4175-BB44-0DE7E86E77A4}.Release|Any CPU.ActiveCfg = Release|Any CPU
		{1309E211-572F-4175-BB44-0DE7E86E77A4}.Release|Any CPU.Build.0 = Release|Any CPU
		{1A8DBCFB-043E-4F94-A23E-4BC95887049A}.Debug|Any CPU.ActiveCfg = Debug|Any CPU
		{1A8DBCFB-043E-4F94-A23E-4BC95887049A}.Debug|Any CPU.Build.0 = Debug|Any CPU
		{1A8DBCFB-043E-4F94-A23E-4BC95887049A}.Release|Any CPU.ActiveCfg = Release|Any CPU
		{1A8DBCFB-043E-4F94-A23E-4BC95887049A}.Release|Any CPU.Build.0 = Release|Any CPU
	EndGlobalSection
	GlobalSection(SolutionProperties) = preSolution
		HideSolutionNode = FALSE
	EndGlobalSection
	GlobalSection(ExtensibilityGlobals) = postSolution
		SolutionGuid = {DFD642B2-AF64-4600-AB26-D4D783CC30E6}
	EndGlobalSection
EndGlobal
